DATAEXPRESS_REPOSITORY=https://github.com/dxbit/dataexpress.git
DATAEXPRESS_COMMIT=89523b3125a5bda55aa7aca7232c8773913fed99
DATAEXPRESS_DEPEND_REPOSITORY=https://github.com/dxbit/dataexpress-depend.git
DATAEXPRESS_DEPEND_COMMIT=179545a5c4e18a1c4468656980984024b7228ccb
DEMO_DATABASE_URL=https://mydataexpress.ru/files/demodb/DEMO_DB.DXDB.zip
DEMO_DATABASE_SHA256=9b75e4220beba697fa7c60f6c2d9fe913bf1e57491ce37557c1cb983152046f6
